{
    "_readme": [
        "This file locks the dependencies of your project to a known state",
        "Read more about it at https://getcomposer.org/doc/01-basic-usage.md#composer-lock-the-lock-file",
        "This file is @generated automatically"
    ],
    "content-hash": "24a61fad75dd2eb8dbe40e3c9292c218",
    "packages": [
        {
            "name": "bacon/bacon-qr-code",
            "version": "1.0.3",
            "source": {
                "type": "git",
                "url": "https://github.com/Bacon/BaconQrCode.git",
                "reference": "5a91b62b9d37cee635bbf8d553f4546057250bee"
            },
            "dist": {
                "type": "zip",
                "url": "https://files.phpcomposer.com/files/Bacon/BaconQrCode/5a91b62b9d37cee635bbf8d553f4546057250bee.zip",
                "reference": "5a91b62b9d37cee635bbf8d553f4546057250bee",
                "shasum": ""
            },
            "require": {
                "ext-iconv": "*",
                "php": "^5.4|^7.0"
            },
            "require-dev": {
                "phpunit/phpunit": "^4.8"
            },
            "suggest": {
                "ext-gd": "to generate QR code images"
            },
            "type": "library",
            "autoload": {
                "psr-0": {
                    "BaconQrCode": "src/"
                }
            },
            "notification-url": "https://packagist.org/downloads/",
            "license": [
                "BSD-2-Clause"
            ],
            "authors": [
                {
                    "name": "Ben Scholzen 'DASPRiD'",
                    "email": "mail@dasprids.de",
                    "homepage": "http://www.dasprids.de",
                    "role": "Developer"
                }
            ],
            "description": "BaconQrCode is a QR code generator for PHP.",
            "homepage": "https://github.com/Bacon/BaconQrCode",
            "time": "2017-10-17T09:59:25+00:00"
        },
        {
            "name": "endroid/qrcode",
            "version": "2.4.0",
            "source": {
                "type": "git",
                "url": "https://github.com/endroid/QrCode.git",
                "reference": "159423a97c74133e4bcbcc9c5b04957fdfed2935"
            },
            "dist": {
                "type": "zip",
                "url": "https://files.phpcomposer.com/files/endroid/QrCode/159423a97c74133e4bcbcc9c5b04957fdfed2935.zip",
                "reference": "159423a97c74133e4bcbcc9c5b04957fdfed2935",
                "shasum": ""
            },
            "require": {
                "bacon/bacon-qr-code": "^1.0.3",
                "ext-gd": "*",
                "khanamiryan/qrcode-detector-decoder": "^1.0",
                "myclabs/php-enum": "^1.5",
                "php": ">=5.6",
                "symfony/options-resolver": "^2.7|^3.0",
                "symfony/property-access": "^2.7|^3.0"
            },
            "require-dev": {
                "phpunit/phpunit": "^5.7|^6.0",
                "symfony/asset": "^2.7|^3.0",
                "symfony/browser-kit": "^2.7|^3.0",
                "symfony/finder": "^2.7|^3.0",
                "symfony/framework-bundle": "^2.7|^3.0",
                "symfony/http-kernel": "^2.7|^3.0",
                "symfony/templating": "^2.7|^3.0",
                "symfony/twig-bundle": "^2.7|^3.0",
                "symfony/yaml": "^2.7|^3.0"
            },
            "type": "symfony-bundle",
            "extra": {
                "branch-alias": {
                    "dev-master": "2.x-dev"
                }
            },
            "autoload": {
                "psr-4": {
                    "Endroid\\QrCode\\": "src/"
                }
            },
            "notification-url": "https://packagist.org/downloads/",
            "license": [
                "MIT"
            ],
            "authors": [
                {
                    "name": "Jeroen van den Enden",
                    "email": "info@endroid.nl",
                    "homepage": "http://endroid.nl/"
                }
            ],
            "description": "Endroid QR Code",
            "homepage": "https://github.com/endroid/QrCode",
            "keywords": [
                "bundle",
                "code",
                "endroid",
                "flex",
                "qr",
                "qrcode",
                "symfony"
            ],
            "time": "2017-10-22T12:17:28+00:00"
        },
        {
            "name": "khanamiryan/qrcode-detector-decoder",
            "version": "1",
            "source": {
                "type": "git",
                "url": "https://github.com/khanamiryan/php-qrcode-detector-decoder.git",
                "reference": "96d5f80680b04803c4f1b69d6e01735e876b80c7"
            },
            "dist": {
                "type": "zip",
                "url": "https://files.phpcomposer.com/files/khanamiryan/php-qrcode-detector-decoder/96d5f80680b04803c4f1b69d6e01735e876b80c7.zip",
                "reference": "96d5f80680b04803c4f1b69d6e01735e876b80c7",
                "shasum": ""
            },
            "require": {
                "php": "^5.6|^7.0"
            },
            "require-dev": {
                "phpunit/phpunit": "^5.7"
            },
            "type": "library",
            "autoload": {
                "classmap": [
                    "lib/"
                ],
                "files": [
                    "lib/common/customFunctions.php"
                ]
            },
            "notification-url": "https://packagist.org/downloads/",
            "license": [
                "MIT"
            ],
            "authors": [
                {
                    "name": "Ashot Khanamiryan",
                    "email": "a.khanamiryan@gmail.com",
                    "homepage": "https://github.com/khanamiryan",
                    "role": "Developer"
                }
            ],
            "description": "QR code decoder / reader",
            "homepage": "https://github.com/khanamiryan/php-qrcode-detector-decoder",
            "keywords": [
                "barcode",
                "qr",
                "zxing"
            ],
            "time": "2017-01-13T09:11:46+00:00"
        },
        {
            "name": "myclabs/php-enum",
            "version": "1.5.2",
            "source": {
                "type": "git",
                "url": "https://github.com/myclabs/php-enum.git",
                "reference": "3ed7088cfd0a0e06534b7f8b0eee82acea574fac"
            },
            "dist": {
                "type": "zip",
                "url": "https://files.phpcomposer.com/files/myclabs/php-enum/3ed7088cfd0a0e06534b7f8b0eee82acea574fac.zip",
                "reference": "3ed7088cfd0a0e06534b7f8b0eee82acea574fac",
                "shasum": ""
            },
            "require": {
                "php": ">=5.3"
            },
            "require-dev": {
                "phpunit/phpunit": "^4.8.35|^5.7|^6.0",
                "squizlabs/php_codesniffer": "1.*"
            },
            "type": "library",
            "autoload": {
                "psr-4": {
                    "MyCLabs\\Enum\\": "src/"
                }
            },
            "notification-url": "https://packagist.org/downloads/",
            "license": [
                "MIT"
            ],
            "authors": [
                {
                    "name": "PHP Enum contributors",
                    "homepage": "https://github.com/myclabs/php-enum/graphs/contributors"
                }
            ],
            "description": "PHP Enum implementation",
            "homepage": "http://github.com/myclabs/php-enum",
            "keywords": [
                "enum"
            ],
            "time": "2017-06-28T16:24:08+00:00"
        },
        {
            "name": "paragonie/random_compat",
            "version": "v2.0.11",
            "source": {
                "type": "git",
                "url": "https://github.com/paragonie/random_compat.git",
                "reference": "5da4d3c796c275c55f057af5a643ae297d96b4d8"
            },
            "dist": {
                "type": "zip",
                "url": "https://files.phpcomposer.com/files/paragonie/random_compat/5da4d3c796c275c55f057af5a643ae297d96b4d8.zip",
                "reference": "5da4d3c796c275c55f057af5a643ae297d96b4d8",
                "shasum": ""
            },
            "require": {
                "php": ">=5.2.0"
            },
            "require-dev": {
                "phpunit/phpunit": "4.*|5.*"
            },
            "suggest": {
                "ext-libsodium": "Provides a modern crypto API that can be used to generate random bytes."
            },
            "type": "library",
            "autoload": {
                "files": [
                    "lib/random.php"
                ]
            },
            "notification-url": "https://packagist.org/downloads/",
            "license": [
                "MIT"
            ],
            "authors": [
                {
                    "name": "Paragon Initiative Enterprises",
                    "email": "security@paragonie.com",
                    "homepage": "https://paragonie.com"
                }
            ],
            "description": "PHP 5.x polyfill for random_bytes() and random_int() from PHP 7",
            "keywords": [
                "csprng",
                "pseudorandom",
                "random"
            ],
            "time": "2017-09-27T21:40:39+00:00"
        },
        {
            "name": "symfony/inflector",
            "version": "v3.3.10",
            "source": {
                "type": "git",
                "url": "https://github.com/symfony/inflector.git",
                "reference": "0474dc4d867c7efefd44017f7903465a7f368b6b"
            },
            "dist": {
                "type": "zip",
                "url": "https://files.phpcomposer.com/files/symfony/inflector/0474dc4d867c7efefd44017f7903465a7f368b6b.zip",
                "reference": "0474dc4d867c7efefd44017f7903465a7f368b6b",
                "shasum": ""
            },
            "require": {
                "php": "^5.5.9|>=7.0.8"
            },
            "type": "library",
            "extra": {
                "branch-alias": {
                    "dev-master": "3.3-dev"
                }
            },
            "autoload": {
                "psr-4": {
                    "Symfony\\Component\\Inflector\\": ""
                },
                "exclude-from-classmap": [
                    "/Tests/"
                ]
            },
            "notification-url": "https://packagist.org/downloads/",
            "license": [
                "MIT"
            ],
            "authors": [
                {
                    "name": "Bernhard Schussek",
                    "email": "bschussek@gmail.com"
                },
                {
                    "name": "Symfony Community",
                    "homepage": "https://symfony.com/contributors"
                }
            ],
            "description": "Symfony Inflector Component",
            "homepage": "https://symfony.com",
            "keywords": [
                "inflection",
                "pluralize",
                "singularize",
                "string",
                "symfony",
                "words"
            ],
            "time": "2017-07-29T21:54:42+00:00"
        },
        {
            "name": "symfony/options-resolver",
            "version": "v3.3.10",
            "source": {
                "type": "git",
                "url": "https://github.com/symfony/options-resolver.git",
                "reference": "ee4e22978fe885b54ee5da8c7964f0a5301abfb6"
            },
            "dist": {
                "type": "zip",
                "url": "https://files.phpcomposer.com/files/symfony/options-resolver/ee4e22978fe885b54ee5da8c7964f0a5301abfb6.zip",
                "reference": "ee4e22978fe885b54ee5da8c7964f0a5301abfb6",
                "shasum": ""
            },
            "require": {
                "php": "^5.5.9|>=7.0.8"
            },
            "type": "library",
            "extra": {
                "branch-alias": {
                    "dev-master": "3.3-dev"
                }
            },
            "autoload": {
                "psr-4": {
                    "Symfony\\Component\\OptionsResolver\\": ""
                },
                "exclude-from-classmap": [
                    "/Tests/"
                ]
            },
            "notification-url": "https://packagist.org/downloads/",
            "license": [
                "MIT"
            ],
            "authors": [
                {
                    "name": "Fabien Potencier",
                    "email": "fabien@symfony.com"
                },
                {
                    "name": "Symfony Community",
                    "homepage": "https://symfony.com/contributors"
                }
            ],
            "description": "Symfony OptionsResolver Component",
            "homepage": "https://symfony.com",
            "keywords": [
                "config",
                "configuration",
                "options"
            ],
            "time": "2017-07-29T21:54:42+00:00"
        },
        {
            "name": "symfony/polyfill-php70",
            "version": "v1.6.0",
            "source": {
                "type": "git",
                "url": "https://github.com/symfony/polyfill-php70.git",
                "reference": "0442b9c0596610bd24ae7b5f0a6cdbbc16d9fcff"
            },
            "dist": {
                "type": "zip",
                "url": "https://files.phpcomposer.com/files/symfony/polyfill-php70/0442b9c0596610bd24ae7b5f0a6cdbbc16d9fcff.zip",
                "reference": "0442b9c0596610bd24ae7b5f0a6cdbbc16d9fcff",
                "shasum": ""
            },
            "require": {
                "paragonie/random_compat": "~1.0|~2.0",
                "php": ">=5.3.3"
            },
            "type": "library",
            "extra": {
                "branch-alias": {
                    "dev-master": "1.6-dev"
                }
            },
            "autoload": {
                "psr-4": {
                    "Symfony\\Polyfill\\Php70\\": ""
                },
                "files": [
                    "bootstrap.php"
                ],
                "classmap": [
                    "Resources/stubs"
                ]
            },
            "notification-url": "https://packagist.org/downloads/",
            "license": [
                "MIT"
            ],
            "authors": [
                {
                    "name": "Nicolas Grekas",
                    "email": "p@tchwork.com"
                },
                {
                    "name": "Symfony Community",
                    "homepage": "https://symfony.com/contributors"
                }
            ],
            "description": "Symfony polyfill backporting some PHP 7.0+ features to lower PHP versions",
            "homepage": "https://symfony.com",
            "keywords": [
                "compatibility",
                "polyfill",
                "portable",
                "shim"
            ],
            "time": "2017-10-11T12:05:26+00:00"
        },
        {
            "name": "symfony/property-access",
            "version": "v3.3.10",
            "source": {
                "type": "git",
                "url": "https://github.com/symfony/property-access.git",
                "reference": "8d975b77d10ad8c24a7b88af1b38b333d2d4fa4b"
            },
            "dist": {
                "type": "zip",
                "url": "https://files.phpcomposer.com/files/symfony/property-access/8d975b77d10ad8c24a7b88af1b38b333d2d4fa4b.zip",
                "reference": "8d975b77d10ad8c24a7b88af1b38b333d2d4fa4b",
                "shasum": ""
            },
            "require": {
                "php": "^5.5.9|>=7.0.8",
                "symfony/inflector": "~3.1",
                "symfony/polyfill-php70": "~1.0"
            },
            "require-dev": {
                "symfony/cache": "~3.1"
            },
            "suggest": {
                "psr/cache-implementation": "To cache access methods."
            },
            "type": "library",
            "extra": {
                "branch-alias": {
                    "dev-master": "3.3-dev"
                }
            },
            "autoload": {
                "psr-4": {
                    "Symfony\\Component\\PropertyAccess\\": ""
                },
                "exclude-from-classmap": [
                    "/Tests/"
                ]
            },
            "notification-url": "https://packagist.org/downloads/",
            "license": [
                "MIT"
            ],
            "authors": [
                {
                    "name": "Fabien Potencier",
                    "email": "fabien@symfony.com"
                },
                {
                    "name": "Symfony Community",
                    "homepage": "https://symfony.com/contributors"
                }
            ],
            "description": "Symfony PropertyAccess Component",
            "homepage": "https://symfony.com",
            "keywords": [
                "access",
                "array",
                "extraction",
                "index",
                "injection",
                "object",
                "property",
                "property path",
                "reflection"
            ],
            "time": "2017-10-02T06:42:24+00:00"
        },
        {
            "name": "workerman/gateway-worker-for-win",
            "version": "v3.0.7",
            "source": {
                "type": "git",
                "url": "https://github.com/walkor/GatewayWorker-for-win.git",
                "reference": "ea75b5d581db1762e9928f5729200a1abcaba496"
            },
            "dist": {
                "type": "zip",
                "url": "https://files.phpcomposer.com/files/walkor/GatewayWorker-for-win/ea75b5d581db1762e9928f5729200a1abcaba496.zip",
                "reference": "ea75b5d581db1762e9928f5729200a1abcaba496",
                "shasum": ""
            },
            "require": {
                "workerman/workerman-for-win": ">=3.1.8"
            },
            "type": "library",
            "autoload": {
                "psr-4": {
                    "GatewayWorker\\": "./src"
                }
            },
            "notification-url": "https://packagist.org/downloads/",
            "license": [
                "MIT"
            ],
            "homepage": "http://www.workerman.net",
            "keywords": [
                "communication",
                "distributed"
            ],
            "time": "2017-06-26T14:51:29+00:00"
        },
        {
            "name": "workerman/gatewayclient",
            "version": "v3.0.0",
            "source": {
                "type": "git",
                "url": "https://github.com/walkor/GatewayClient.git",
                "reference": "e58edc1f5eee7465c24fc97d8adff1f59b1b8455"
            },
            "dist": {
                "type": "zip",
                "url": "https://files.phpcomposer.com/files/walkor/GatewayClient/e58edc1f5eee7465c24fc97d8adff1f59b1b8455.zip",
                "reference": "e58edc1f5eee7465c24fc97d8adff1f59b1b8455",
                "shasum": ""
            },
            "type": "library",
            "autoload": {
                "psr-4": {
                    "GatewayClient\\": "./"
                }
            },
            "notification-url": "https://packagist.org/downloads/",
            "license": [
                "MIT"
            ],
            "homepage": "http://www.workerman.net",
            "time": "2016-12-07T09:06:11+00:00"
        },
        {
            "name": "workerman/workerman-for-win",
            "version": "v3.5.1",
            "source": {
                "type": "git",
                "url": "https://github.com/walkor/workerman-for-win.git",
                "reference": "cbaae3193e4567fd9cfc8099931c63d9b12174ee"
            },
            "dist": {
                "type": "zip",
                "url": "https://files.phpcomposer.com/files/walkor/workerman-for-win/cbaae3193e4567fd9cfc8099931c63d9b12174ee.zip",
                "reference": "cbaae3193e4567fd9cfc8099931c63d9b12174ee",
                "shasum": ""
            },
            "require": {
                "php": ">=5.3"
            },
            "type": "project",
            "autoload": {
                "psr-4": {
                    "Workerman\\": "./"
                }
            },
            "notification-url": "https://packagist.org/downloads/",
            "license": [
                "MIT"
            ],
            "authors": [
                {
                    "name": "walkor",
                    "email": "walkor@workerman.net",
                    "homepage": "http://www.workerman.net",
                    "role": "Developer"
                }
            ],
            "description": "An asynchronous event driven PHP framework for easily building fast, scalable network applications.",
            "homepage": "http://www.workerman.net",
            "keywords": [
                "asynchronous",
                "event-loop"
            ],
            "time": "2017-08-28T10:05:00+00:00"
        }
    ],
    "packages-dev": [],
    "aliases": [],
    "minimum-stability": "stable",
    "stability-flags": [],
    "prefer-stable": false,
    "prefer-lowest": false,
    "platform": [],
    "platform-dev": []
}
